dependencies:
- name: postgresql
  repository: https://kubernetes-charts.storage.googleapis.com/
  version: 0.9.3
- name: alfresco-search
  repository: https://kubernetes-charts.alfresco.com/stable
  version: 1.0.1
- name: alfresco-infrastructure
  repository: https://kubernetes-charts.alfresco.com/stable
  version: 4.1.1
- name: alfresco-digital-workspace
  repository: https://kubernetes-charts.alfresco.com/stable
  version: 2.2.0
- name: alfresco-sync-service
  repository: https://kubernetes-charts.alfresco.com/stable
  version: 2.0.0
digest: sha256:fd3d3ba131a031554b618d8ca1bbab95cd15f854475cecd3879c2119311e3282
generated: 2019-11-29T20:23:45.184666528Z
